
Microsoft Visual Studio Solution File, Format Version 12.00
# Visual Studio Version 16
VisualStudioVersion = 16.0.29920.165
MinimumVisualStudioVersion = 10.0.40219.1
Project("{9A19103F-16F7-4668-BE54-9A1E7A4F7556}") = "JeremyAnsel.DirectX.D3DXof", "JeremyAnsel.DirectX.D3DXof\JeremyAnsel.DirectX.D3DXof.csproj", "{72EDC6E3-4571-4DEF-AB8D-E607ABA04F9E}"
EndProject
Project("{FAE04EC0-301F-11D3-BF4B-00C04F79EFBC}") = "Documentation", "Documentation\Documentation.csproj", "{A46C40A2-B895-4882-8737-9CA29B77A3F4}"
	ProjectSection(ProjectDependencies) = postProject
		{72EDC6E3-4571-4DEF-AB8D-E607ABA04F9E} = {72EDC6E3-4571-4DEF-AB8D-E607ABA04F9E}
	EndProjectSection
EndProject
Global
	GlobalSection(SolutionConfigurationPlatforms) = preSolution
		Debug|Any CPU = Debug|Any CPU
		Release|Any CPU = Release|Any CPU
	EndGlobalSection
	GlobalSection(ProjectConfigurationPlatforms) = postSolution
		{72EDC6E3-4571-4DEF-AB8D-E607ABA04F9E}.Debug|Any CPU.ActiveCfg = Debug|Any CPU
		{72EDC6E3-4571-4DEF-AB8D-E607ABA04F9E}.Debug|Any CPU.Build.0 = Debug|Any CPU
		{72EDC6E3-4571-4DEF-AB8D-E607ABA04F9E}.Release|Any CPU.ActiveCfg = Release|Any CPU
		{72EDC6E3-4571-4DEF-AB8D-E607ABA04F9E}.Release|Any CPU.Build.0 = Release|Any CPU
		{A46C40A2-B895-4882-8737-9CA29B77A3F4}.Debug|Any CPU.ActiveCfg = Debug|Any CPU
		{A46C40A2-B895-4882-8737-9CA29B77A3F4}.Debug|Any CPU.Build.0 = Debug|Any CPU
		{A46C40A2-B895-4882-8737-9CA29B77A3F4}.Release|Any CPU.ActiveCfg = Release|Any CPU
		{A46C40A2-B895-4882-8737-9CA29B77A3F4}.Release|Any CPU.Build.0 = Release|Any CPU
	EndGlobalSection
	GlobalSection(SolutionProperties) = preSolution
		HideSolutionNode = FALSE
	EndGlobalSection
	GlobalSection(ExtensibilityGlobals) = postSolution
		SolutionGuid = {2D4C2D53-BC3C-4610-836C-3336D7BD9624}
	EndGlobalSection
EndGlobal
