
Microsoft Visual Studio Solution File, Format Version 12.00
# Visual Studio Version 17
VisualStudioVersion = 17.1.32421.90
MinimumVisualStudioVersion = 10.0.40219.1
Project("{9A19103F-16F7-4668-BE54-9A1E7A4F7556}") = "JeremyAnsel.DirectX.D3DXof", "JeremyAnsel.DirectX.D3DXof\JeremyAnsel.DirectX.D3DXof.csproj", "{31477A73-B56A-4978-A28D-B4510BF1E4A9}"
EndProject
Project("{9A19103F-16F7-4668-BE54-9A1E7A4F7556}") = "Documentation", "Documentation\Documentation.csproj", "{BCD017D7-A746-4A17-8C9D-00AD89BF0895}"
EndProject
Global
	GlobalSection(SolutionConfigurationPlatforms) = preSolution
		Debug|Any CPU = Debug|Any CPU
		Release|Any CPU = Release|Any CPU
	EndGlobalSection
	GlobalSection(ProjectConfigurationPlatforms) = postSolution
		{31477A73-B56A-4978-A28D-B4510BF1E4A9}.Debug|Any CPU.ActiveCfg = Debug|Any CPU
		{31477A73-B56A-4978-A28D-B4510BF1E4A9}.Debug|Any CPU.Build.0 = Debug|Any CPU
		{31477A73-B56A-4978-A28D-B4510BF1E4A9}.Release|Any CPU.ActiveCfg = Release|Any CPU
		{31477A73-B56A-4978-A28D-B4510BF1E4A9}.Release|Any CPU.Build.0 = Release|Any CPU
		{BCD017D7-A746-4A17-8C9D-00AD89BF0895}.Debug|Any CPU.ActiveCfg = Debug|Any CPU
		{BCD017D7-A746-4A17-8C9D-00AD89BF0895}.Release|Any CPU.ActiveCfg = Release|Any CPU
		{BCD017D7-A746-4A17-8C9D-00AD89BF0895}.Release|Any CPU.Build.0 = Release|Any CPU
	EndGlobalSection
	GlobalSection(SolutionProperties) = preSolution
		HideSolutionNode = FALSE
	EndGlobalSection
	GlobalSection(ExtensibilityGlobals) = postSolution
		SolutionGuid = {5EA9F924-B7AF-4DAD-B84D-5D596E1DE32C}
	EndGlobalSection
EndGlobal
